
Microsoft Visual Studio Solution File, Format Version 12.00
# Visual Studio Version 17
VisualStudioVersion = 17.6.33829.357
MinimumVisualStudioVersion = 10.0.40219.1
Project("{F184B08F-C81C-45F6-A57F-5ABD9991F28F}") = "Task_Hospital", "Task_Hospital\Task_Hospital.vbproj", "{6A7119FD-2747-4390-B899-2D3443ACB7CB}"
EndProject
Global
	GlobalSection(SolutionConfigurationPlatforms) = preSolution
		Debug|Any CPU = Debug|Any CPU
		Release|Any CPU = Release|Any CPU
	EndGlobalSection
	GlobalSection(ProjectConfigurationPlatforms) = postSolution
		{6A7119FD-2747-4390-B899-2D3443ACB7CB}.Debug|Any CPU.ActiveCfg = Debug|Any CPU
		{6A7119FD-2747-4390-B899-2D3443ACB7CB}.Debug|Any CPU.Build.0 = Debug|Any CPU
		{6A7119FD-2747-4390-B899-2D3443ACB7CB}.Release|Any CPU.ActiveCfg = Release|Any CPU
		{6A7119FD-2747-4390-B899-2D3443ACB7CB}.Release|Any CPU.Build.0 = Release|Any CPU
	EndGlobalSection
	GlobalSection(SolutionProperties) = preSolution
		HideSolutionNode = FALSE
	EndGlobalSection
	GlobalSection(ExtensibilityGlobals) = postSolution
		SolutionGuid = {6ABF2AB1-BD2B-40FF-A738-6429AE706782}
	EndGlobalSection
EndGlobal
